// !$*UTF8*$!
{
	archiveVersion = 1;
	classes = {
	};
	objectVersion = 56;
	objects = {

/* Begin PBXBuildFile section */
		EC34810328DCE4D300600A6C /* Async_Await_DemoApp.swift in Sources */ = {isa = PBXBuildFile; fileRef = EC34810228DCE4D300600A6C /* Async_Await_DemoApp.swift */; };
		EC34810528DCE4D300600A6C /* ContentView.swift in Sources */ = {isa = PBXBuildFile; fileRef = EC34810428DCE4D300600A6C /* ContentView.swift */; };
		EC34810728DCE4D400600A6C /* Assets.xcassets in Resources */ = {isa = PBXBuildFile; fileRef = EC34810628DCE4D400600A6C /* Assets.xcassets */; };
		EC34810A28DCE4D400600A6C /* Preview Assets.xcassets in Resources */ = {isa = PBXBuildFile; fileRef = EC34810928DCE4D400600A6C /* Preview Assets.xcassets */; };
		EC34811128DCEB2800600A6C /* StarWarsAPI.swift in Sources */ = {isa = PBXBuildFile; fileRef = EC34811028DCEB2800600A6C /* StarWarsAPI.swift */; };
		EC34811328DCF0B600600A6C /* String+Extensions.swift in Sources */ = {isa = PBXBuildFile; fileRef = EC34811228DCF0B600600A6C /* String+Extensions.swift */; };
		EC34811B28DCF28F00600A6C /* Async_Await_Demo_Tests.swift in Sources */ = {isa = PBXBuildFile; fileRef = EC34811A28DCF28F00600A6C /* Async_Await_Demo_Tests.swift */; };
		EC71495028EF57F3008860DA /* StarWarsPerson.swift in Sources */ = {isa = PBXBuildFile; fileRef = EC71494F28EF57F3008860DA /* StarWarsPerson.swift */; };
		EC71495228EF5870008860DA /* StarWarsPersonResponse.swift in Sources */ = {isa = PBXBuildFile; fileRef = EC71495128EF5870008860DA /* StarWarsPersonResponse.swift */; };
/* End PBXBuildFile section */

/* Begin PBXContainerItemProxy section */
		EC34811C28DCF28F00600A6C /* PBXContainerItemProxy */ = {
			isa = PBXContainerItemProxy;
			containerPortal = EC3480F728DCE4D300600A6C /* Project object */;
			proxyType = 1;
			remoteGlobalIDString = EC3480FE28DCE4D300600A6C;
			remoteInfo = "Async Await Demo";
		};
/* End PBXContainerItemProxy section */

/* Begin PBXFileReference section */
		EC3480FF28DCE4D300600A6C /* Async Await Demo.app */ = {isa = PBXFileReference; explicitFileType = wrapper.application; includeInIndex = 0; path = "Async Await Demo.app"; sourceTree = BUILT_PRODUCTS_DIR; };
		EC34810228DCE4D300600A6C /* Async_Await_DemoApp.swift */ = {isa = PBXFileReference; lastKnownFileType = sourcecode.swift; path = Async_Await_DemoApp.swift; sourceTree = "<group>"; };
		EC34810428DCE4D300600A6C /* ContentView.swift */ = {isa = PBXFileReference; lastKnownFileType = sourcecode.swift; path = ContentView.swift; sourceTree = "<group>"; };
		EC34810628DCE4D400600A6C /* Assets.xcassets */ = {isa = PBXFileReference; lastKnownFileType = folder.assetcatalog; path = Assets.xcassets; sourceTree = "<group>"; };
		EC34810928DCE4D400600A6C /* Preview Assets.xcassets */ = {isa = PBXFileReference; lastKnownFileType = folder.assetcatalog; path = "Preview Assets.xcassets"; sourceTree = "<group>"; };
		EC34811028DCEB2800600A6C /* StarWarsAPI.swift */ = {isa = PBXFileReference; lastKnownFileType = sourcecode.swift; path = StarWarsAPI.swift; sourceTree = "<group>"; };
		EC34811228DCF0B600600A6C /* String+Extensions.swift */ = {isa = PBXFileReference; lastKnownFileType = sourcecode.swift; path = "String+Extensions.swift"; sourceTree = "<group>"; };
		EC34811828DCF28F00600A6C /* Async Await Demo Tests.xctest */ = {isa = PBXFileReference; explicitFileType = wrapper.cfbundle; includeInIndex = 0; path = "Async Await Demo Tests.xctest"; sourceTree = BUILT_PRODUCTS_DIR; };
		EC34811A28DCF28F00600A6C /* Async_Await_Demo_Tests.swift */ = {isa = PBXFileReference; lastKnownFileType = sourcecode.swift; path = Async_Await_Demo_Tests.swift; sourceTree = "<group>"; };
		EC71494F28EF57F3008860DA /* StarWarsPerson.swift */ = {isa = PBXFileReference; lastKnownFileType = sourcecode.swift; path = StarWarsPerson.swift; sourceTree = "<group>"; };
		EC71495128EF5870008860DA /* StarWarsPersonResponse.swift */ = {isa = PBXFileReference; lastKnownFileType = sourcecode.swift; path = StarWarsPersonResponse.swift; sourceTree = "<group>"; };
		EC71495428EF58F8008860DA /* AsyncAwaitDemo.xctestplan */ = {isa = PBXFileReference; lastKnownFileType = text; path = AsyncAwaitDemo.xctestplan; sourceTree = "<group>"; };
/* End PBXFileReference section */

/* Begin PBXFrameworksBuildPhase section */
		EC3480FC28DCE4D300600A6C /* Frameworks */ = {
			isa = PBXFrameworksBuildPhase;
			buildActionMask = 2147483647;
			files = (
			);
			runOnlyForDeploymentPostprocessing = 0;
		};
		EC34811528DCF28F00600A6C /* Frameworks */ = {
			isa = PBXFrameworksBuildPhase;
			buildActionMask = 2147483647;
			files = (
			);
			runOnlyForDeploymentPostprocessing = 0;
		};
/* End PBXFrameworksBuildPhase section */

/* Begin PBXGroup section */
		EC3480F628DCE4D300600A6C = {
			isa = PBXGroup;
			children = (
				EC34810128DCE4D300600A6C /* Async Await Demo */,
				EC34811928DCF28F00600A6C /* Async Await Demo Tests */,
				EC34810028DCE4D300600A6C /* Products */,
			);
			sourceTree = "<group>";
		};
		EC34810028DCE4D300600A6C /* Products */ = {
			isa = PBXGroup;
			children = (
				EC3480FF28DCE4D300600A6C /* Async Await Demo.app */,
				EC34811828DCF28F00600A6C /* Async Await Demo Tests.xctest */,
			);
			name = Products;
			sourceTree = "<group>";
		};
		EC34810128DCE4D300600A6C /* Async Await Demo */ = {
			isa = PBXGroup;
			children = (
				EC34810228DCE4D300600A6C /* Async_Await_DemoApp.swift */,
				EC34810428DCE4D300600A6C /* ContentView.swift */,
				EC34811228DCF0B600600A6C /* String+Extensions.swift */,
				EC71495328EF5880008860DA /* Star Wars API */,
				EC34810628DCE4D400600A6C /* Assets.xcassets */,
				EC34810828DCE4D400600A6C /* Preview Content */,
			);
			path = "Async Await Demo";
			sourceTree = "<group>";
		};
		EC34810828DCE4D400600A6C /* Preview Content */ = {
			isa = PBXGroup;
			children = (
				EC34810928DCE4D400600A6C /* Preview Assets.xcassets */,
			);
			path = "Preview Content";
			sourceTree = "<group>";
		};
		EC34811928DCF28F00600A6C /* Async Await Demo Tests */ = {
			isa = PBXGroup;
			children = (
				EC71495428EF58F8008860DA /* AsyncAwaitDemo.xctestplan */,
				EC34811A28DCF28F00600A6C /* Async_Await_Demo_Tests.swift */,
			);
			path = "Async Await Demo Tests";
			sourceTree = "<group>";
		};
		EC71495328EF5880008860DA /* Star Wars API */ = {
			isa = PBXGroup;
			children = (
				EC34811028DCEB2800600A6C /* StarWarsAPI.swift */,
				EC71495128EF5870008860DA /* StarWarsPersonResponse.swift */,
				EC71494F28EF57F3008860DA /* StarWarsPerson.swift */,
			);
			path = "Star Wars API";
			sourceTree = "<group>";
		};
/* End PBXGroup section */

/* Begin PBXNativeTarget section */
		EC3480FE28DCE4D300600A6C /* Async Await Demo */ = {
			isa = PBXNativeTarget;
			buildConfigurationList = EC34810D28DCE4D400600A6C /* Build configuration list for PBXNativeTarget "Async Await Demo" */;
			buildPhases = (
				EC3480FB28DCE4D300600A6C /* Sources */,
				EC3480FC28DCE4D300600A6C /* Frameworks */,
				EC3480FD28DCE4D300600A6C /* Resources */,
			);
			buildRules = (
			);
			dependencies = (
			);
			name = "Async Await Demo";
			productName = "Async Await Demo";
			productReference = EC3480FF28DCE4D300600A6C /* Async Await Demo.app */;
			productType = "com.apple.product-type.application";
		};
		EC34811728DCF28F00600A6C /* Async Await Demo Tests */ = {
			isa = PBXNativeTarget;
			buildConfigurationList = EC34811E28DCF28F00600A6C /* Build configuration list for PBXNativeTarget "Async Await Demo Tests" */;
			buildPhases = (
				EC34811428DCF28F00600A6C /* Sources */,
				EC34811528DCF28F00600A6C /* Frameworks */,
				EC34811628DCF28F00600A6C /* Resources */,
			);
			buildRules = (
			);
			dependencies = (
				EC34811D28DCF28F00600A6C /* PBXTargetDependency */,
			);
			name = "Async Await Demo Tests";
			productName = "Async Await Demo Tests";
			productReference = EC34811828DCF28F00600A6C /* Async Await Demo Tests.xctest */;
			productType = "com.apple.product-type.bundle.unit-test";
		};
/* End PBXNativeTarget section */

/* Begin PBXProject section */
		EC3480F728DCE4D300600A6C /* Project object */ = {
			isa = PBXProject;
			attributes = {
				BuildIndependentTargetsInParallel = 1;
				LastSwiftUpdateCheck = 1400;
				LastUpgradeCheck = 1400;
				TargetAttributes = {
					EC3480FE28DCE4D300600A6C = {
						CreatedOnToolsVersion = 14.0;
					};
					EC34811728DCF28F00600A6C = {
						CreatedOnToolsVersion = 14.0;
						TestTargetID = EC3480FE28DCE4D300600A6C;
					};
				};
			};
			buildConfigurationList = EC3480FA28DCE4D300600A6C /* Build configuration list for PBXProject "Async Await Demo" */;
			compatibilityVersion = "Xcode 14.0";
			developmentRegion = en;
			hasScannedForEncodings = 0;
			knownRegions = (
				en,
				Base,
			);
			mainGroup = EC3480F628DCE4D300600A6C;
			productRefGroup = EC34810028DCE4D300600A6C /* Products */;
			projectDirPath = "";
			projectRoot = "";
			targets = (
				EC3480FE28DCE4D300600A6C /* Async Await Demo */,
				EC34811728DCF28F00600A6C /* Async Await Demo Tests */,
			);
		};
/* End PBXProject section */

/* Begin PBXResourcesBuildPhase section */
		EC3480FD28DCE4D300600A6C /* Resources */ = {
			isa = PBXResourcesBuildPhase;
			buildActionMask = 2147483647;
			files = (
				EC34810A28DCE4D400600A6C /* Preview Assets.xcassets in Resources */,
				EC34810728DCE4D400600A6C /* Assets.xcassets in Resources */,
			);
			runOnlyForDeploymentPostprocessing = 0;
		};
		EC34811628DCF28F00600A6C /* Resources */ = {
			isa = PBXResourcesBuildPhase;
			buildActionMask = 2147483647;
			files = (
			);
			runOnlyForDeploymentPostprocessing = 0;
		};
/* End PBXResourcesBuildPhase section */

/* Begin PBXSourcesBuildPhase section */
		EC3480FB28DCE4D300600A6C /* Sources */ = {
			isa = PBXSourcesBuildPhase;
			buildActionMask = 2147483647;
			files = (
				EC71495028EF57F3008860DA /* StarWarsPerson.swift in Sources */,
				EC34811328DCF0B600600A6C /* String+Extensions.swift in Sources */,
				EC34811128DCEB2800600A6C /* StarWarsAPI.swift in Sources */,
				EC34810528DCE4D300600A6C /* ContentView.swift in Sources */,
				EC71495228EF5870008860DA /* StarWarsPersonResponse.swift in Sources */,
				EC34810328DCE4D300600A6C /* Async_Await_DemoApp.swift in Sources */,
			);
			runOnlyForDeploymentPostprocessing = 0;
		};
		EC34811428DCF28F00600A6C /* Sources */ = {
			isa = PBXSourcesBuildPhase;
			buildActionMask = 2147483647;
			files = (
				EC34811B28DCF28F00600A6C /* Async_Await_Demo_Tests.swift in Sources */,
			);
			runOnlyForDeploymentPostprocessing = 0;
		};
/* End PBXSourcesBuildPhase section */

/* Begin PBXTargetDependency section */
		EC34811D28DCF28F00600A6C /* PBXTargetDependency */ = {
			isa = PBXTargetDependency;
			target = EC3480FE28DCE4D300600A6C /* Async Await Demo */;
			targetProxy = EC34811C28DCF28F00600A6C /* PBXContainerItemProxy */;
		};
/* End PBXTargetDependency section */

/* Begin XCBuildConfiguration section */
		EC34810B28DCE4D400600A6C /* Debug */ = {
			isa = XCBuildConfiguration;
			buildSettings = {
				ALWAYS_SEARCH_USER_PATHS = NO;
				CLANG_ANALYZER_NONNULL = YES;
				CLANG_ANALYZER_NUMBER_OBJECT_CONVERSION = YES_AGGRESSIVE;
				CLANG_CXX_LANGUAGE_STANDARD = "gnu++20";
				CLANG_ENABLE_MODULES = YES;
				CLANG_ENABLE_OBJC_ARC = YES;
				CLANG_ENABLE_OBJC_WEAK = YES;
				CLANG_WARN_BLOCK_CAPTURE_AUTORELEASING = YES;
				CLANG_WARN_BOOL_CONVERSION = YES;
				CLANG_WARN_COMMA = YES;
				CLANG_WARN_CONSTANT_CONVERSION = YES;
				CLANG_WARN_DEPRECATED_OBJC_IMPLEMENTATIONS = YES;
				CLANG_WARN_DIRECT_OBJC_ISA_USAGE = YES_ERROR;
				CLANG_WARN_DOCUMENTATION_COMMENTS = YES;
				CLANG_WARN_EMPTY_BODY = YES;
				CLANG_WARN_ENUM_CONVERSION = YES;
				CLANG_WARN_INFINITE_RECURSION = YES;
				CLANG_WARN_INT_CONVERSION = YES;
				CLANG_WARN_NON_LITERAL_NULL_CONVERSION = YES;
				CLANG_WARN_OBJC_IMPLICIT_RETAIN_SELF = YES;
				CLANG_WARN_OBJC_LITERAL_CONVERSION = YES;
				CLANG_WARN_OBJC_ROOT_CLASS = YES_ERROR;
				CLANG_WARN_QUOTED_INCLUDE_IN_FRAMEWORK_HEADER = YES;
				CLANG_WARN_RANGE_LOOP_ANALYSIS = YES;
				CLANG_WARN_STRICT_PROTOTYPES = YES;
				CLANG_WARN_SUSPICIOUS_MOVE = YES;
				CLANG_WARN_UNGUARDED_AVAILABILITY = YES_AGGRESSIVE;
				CLANG_WARN_UNREACHABLE_CODE = YES;
				CLANG_WARN__DUPLICATE_METHOD_MATCH = YES;
				COPY_PHASE_STRIP = NO;
				DEBUG_INFORMATION_FORMAT = dwarf;
				ENABLE_STRICT_OBJC_MSGSEND = YES;
				ENABLE_TESTABILITY = YES;
				GCC_C_LANGUAGE_STANDARD = gnu11;
				GCC_DYNAMIC_NO_PIC = NO;
				GCC_NO_COMMON_BLOCKS = YES;
				GCC_OPTIMIZATION_LEVEL = 0;
				GCC_PREPROCESSOR_DEFINITIONS = (
					"DEBUG=1",
					"$(inherited)",
				);
				GCC_WARN_64_TO_32_BIT_CONVERSION = YES;
				GCC_WARN_ABOUT_RETURN_TYPE = YES_ERROR;
				GCC_WARN_UNDECLARED_SELECTOR = YES;
				GCC_WARN_UNINITIALIZED_AUTOS = YES_AGGRESSIVE;
				GCC_WARN_UNUSED_FUNCTION = YES;
				GCC_WARN_UNUSED_VARIABLE = YES;
				IPHONEOS_DEPLOYMENT_TARGET = 16.0;
				MTL_ENABLE_DEBUG_INFO = INCLUDE_SOURCE;
				MTL_FAST_MATH = YES;
				ONLY_ACTIVE_ARCH = YES;
				SDKROOT = iphoneos;
				SWIFT_ACTIVE_COMPILATION_CONDITIONS = DEBUG;
				SWIFT_OPTIMIZATION_LEVEL = "-Onone";
			};
			name = Debug;
		};
		EC34810C28DCE4D400600A6C /* Release */ = {
			isa = XCBuildConfiguration;
			buildSettings = {
				ALWAYS_SEARCH_USER_PATHS = NO;
				CLANG_ANALYZER_NONNULL = YES;
				CLANG_ANALYZER_NUMBER_OBJECT_CONVERSION = YES_AGGRESSIVE;
				CLANG_CXX_LANGUAGE_STANDARD = "gnu++20";
				CLANG_ENABLE_MODULES = YES;
				CLANG_ENABLE_OBJC_ARC = YES;
				CLANG_ENABLE_OBJC_WEAK = YES;
				CLANG_WARN_BLOCK_CAPTURE_AUTORELEASING = YES;
				CLANG_WARN_BOOL_CONVERSION = YES;
				CLANG_WARN_COMMA = YES;
				CLANG_WARN_CONSTANT_CONVERSION = YES;
				CLANG_WARN_DEPRECATED_OBJC_IMPLEMENTATIONS = YES;
				CLANG_WARN_DIRECT_OBJC_ISA_USAGE = YES_ERROR;
				CLANG_WARN_DOCUMENTATION_COMMENTS = YES;
				CLANG_WARN_EMPTY_BODY = YES;
				CLANG_WARN_ENUM_CONVERSION = YES;
				CLANG_WARN_INFINITE_RECURSION = YES;
				CLANG_WARN_INT_CONVERSION = YES;
				CLANG_WARN_NON_LITERAL_NULL_CONVERSION = YES;
				CLANG_WARN_OBJC_IMPLICIT_RETAIN_SELF = YES;
				CLANG_WARN_OBJC_LITERAL_CONVERSION = YES;
				CLANG_WARN_OBJC_ROOT_CLASS = YES_ERROR;
				CLANG_WARN_QUOTED_INCLUDE_IN_FRAMEWORK_HEADER = YES;
				CLANG_WARN_RANGE_LOOP_ANALYSIS = YES;
				CLANG_WARN_STRICT_PROTOTYPES = YES;
				CLANG_WARN_SUSPICIOUS_MOVE = YES;
				CLANG_WARN_UNGUARDED_AVAILABILITY = YES_AGGRESSIVE;
				CLANG_WARN_UNREACHABLE_CODE = YES;
				CLANG_WARN__DUPLICATE_METHOD_MATCH = YES;
				COPY_PHASE_STRIP = NO;
				DEBUG_INFORMATION_FORMAT = "dwarf-with-dsym";
				ENABLE_NS_ASSERTIONS = NO;
				ENABLE_STRICT_OBJC_MSGSEND = YES;
				GCC_C_LANGUAGE_STANDARD = gnu11;
				GCC_NO_COMMON_BLOCKS = YES;
				GCC_WARN_64_TO_32_BIT_CONVERSION = YES;
				GCC_WARN_ABOUT_RETURN_TYPE = YES_ERROR;
				GCC_WARN_UNDECLARED_SELECTOR = YES;
				GCC_WARN_UNINITIALIZED_AUTOS = YES_AGGRESSIVE;
				GCC_WARN_UNUSED_FUNCTION = YES;
				GCC_WARN_UNUSED_VARIABLE = YES;
				IPHONEOS_DEPLOYMENT_TARGET = 16.0;
				MTL_ENABLE_DEBUG_INFO = NO;
				MTL_FAST_MATH = YES;
				SDKROOT = iphoneos;
				SWIFT_COMPILATION_MODE = wholemodule;
				SWIFT_OPTIMIZATION_LEVEL = "-O";
				VALIDATE_PRODUCT = YES;
			};
			name = Release;
		};
		EC34810E28DCE4D400600A6C /* Debug */ = {
			isa = XCBuildConfiguration;
			buildSettings = {
				ASSETCATALOG_COMPILER_APPICON_NAME = AppIcon;
				ASSETCATALOG_COMPILER_GLOBAL_ACCENT_COLOR_NAME = AccentColor;
				CODE_SIGN_STYLE = Automatic;
				CURRENT_PROJECT_VERSION = 1;
				DEVELOPMENT_ASSET_PATHS = "\"Async Await Demo/Preview Content\"";
				DEVELOPMENT_TEAM = PM4FDSTQ8K;
				ENABLE_PREVIEWS = YES;
				GENERATE_INFOPLIST_FILE = YES;
				INFOPLIST_KEY_UIApplicationSceneManifest_Generation = YES;
				INFOPLIST_KEY_UIApplicationSupportsIndirectInputEvents = YES;
				INFOPLIST_KEY_UILaunchScreen_Generation = YES;
				INFOPLIST_KEY_UISupportedInterfaceOrientations_iPad = "UIInterfaceOrientationPortrait UIInterfaceOrientationPortraitUpsideDown UIInterfaceOrientationLandscapeLeft UIInterfaceOrientationLandscapeRight";
				INFOPLIST_KEY_UISupportedInterfaceOrientations_iPhone = "UIInterfaceOrientationPortrait UIInterfaceOrientationLandscapeLeft UIInterfaceOrientationLandscapeRight";
				LD_RUNPATH_SEARCH_PATHS = (
					"$(inherited)",
					"@executable_path/Frameworks",
				);
				MARKETING_VERSION = 1.0;
				PRODUCT_BUNDLE_IDENTIFIER = "llc.retro.Async-Await-Demo";
				PRODUCT_NAME = "$(TARGET_NAME)";
				SWIFT_EMIT_LOC_STRINGS = YES;
				SWIFT_VERSION = 5.0;
				TARGETED_DEVICE_FAMILY = "1,2";
			};
			name = Debug;
		};
		EC34810F28DCE4D400600A6C /* Release */ = {
			isa = XCBuildConfiguration;
			buildSettings = {
				ASSETCATALOG_COMPILER_APPICON_NAME = AppIcon;
				ASSETCATALOG_COMPILER_GLOBAL_ACCENT_COLOR_NAME = AccentColor;
				CODE_SIGN_STYLE = Automatic;
				CURRENT_PROJECT_VERSION = 1;
				DEVELOPMENT_ASSET_PATHS = "\"Async Await Demo/Preview Content\"";
				DEVELOPMENT_TEAM = PM4FDSTQ8K;
				ENABLE_PREVIEWS = YES;
				GENERATE_INFOPLIST_FILE = YES;
				INFOPLIST_KEY_UIApplicationSceneManifest_Generation = YES;
				INFOPLIST_KEY_UIApplicationSupportsIndirectInputEvents = YES;
				INFOPLIST_KEY_UILaunchScreen_Generation = YES;
				INFOPLIST_KEY_UISupportedInterfaceOrientations_iPad = "UIInterfaceOrientationPortrait UIInterfaceOrientationPortraitUpsideDown UIInterfaceOrientationLandscapeLeft UIInterfaceOrientationLandscapeRight";
				INFOPLIST_KEY_UISupportedInterfaceOrientations_iPhone = "UIInterfaceOrientationPortrait UIInterfaceOrientationLandscapeLeft UIInterfaceOrientationLandscapeRight";
				LD_RUNPATH_SEARCH_PATHS = (
					"$(inherited)",
					"@executable_path/Frameworks",
				);
				MARKETING_VERSION = 1.0;
				PRODUCT_BUNDLE_IDENTIFIER = "llc.retro.Async-Await-Demo";
				PRODUCT_NAME = "$(TARGET_NAME)";
				SWIFT_EMIT_LOC_STRINGS = YES;
				SWIFT_VERSION = 5.0;
				TARGETED_DEVICE_FAMILY = "1,2";
			};
			name = Release;
		};
		EC34811F28DCF28F00600A6C /* Debug */ = {
			isa = XCBuildConfiguration;
			buildSettings = {
				BUNDLE_LOADER = "$(TEST_HOST)";
				CODE_SIGN_STYLE = Automatic;
				CURRENT_PROJECT_VERSION = 1;
				DEVELOPMENT_TEAM = PM4FDSTQ8K;
				GENERATE_INFOPLIST_FILE = YES;
				IPHONEOS_DEPLOYMENT_TARGET = 16.0;
				MACOSX_DEPLOYMENT_TARGET = 12.3;
				MARKETING_VERSION = 1.0;
				PRODUCT_BUNDLE_IDENTIFIER = "llc.retro.Async-Await-Demo-Tests";
				PRODUCT_NAME = "$(TARGET_NAME)";
				SDKROOT = auto;
				SUPPORTED_PLATFORMS = "iphoneos iphonesimulator macosx";
				SWIFT_EMIT_LOC_STRINGS = NO;
				SWIFT_VERSION = 5.0;
				TARGETED_DEVICE_FAMILY = "1,2";
				TEST_HOST = "$(BUILT_PRODUCTS_DIR)/Async Await Demo.app/$(BUNDLE_EXECUTABLE_FOLDER_PATH)/Async Await Demo";
			};
			name = Debug;
		};
		EC34812028DCF28F00600A6C /* Release */ = {
			isa = XCBuildConfiguration;
			buildSettings = {
				BUNDLE_LOADER = "$(TEST_HOST)";
				CODE_SIGN_STYLE = Automatic;
				CURRENT_PROJECT_VERSION = 1;
				DEVELOPMENT_TEAM = PM4FDSTQ8K;
				GENERATE_INFOPLIST_FILE = YES;
				IPHONEOS_DEPLOYMENT_TARGET = 16.0;
				MACOSX_DEPLOYMENT_TARGET = 12.3;
				MARKETING_VERSION = 1.0;
				PRODUCT_BUNDLE_IDENTIFIER = "llc.retro.Async-Await-Demo-Tests";
				PRODUCT_NAME = "$(TARGET_NAME)";
				SDKROOT = auto;
				SUPPORTED_PLATFORMS = "iphoneos iphonesimulator macosx";
				SWIFT_EMIT_LOC_STRINGS = NO;
				SWIFT_VERSION = 5.0;
				TARGETED_DEVICE_FAMILY = "1,2";
				TEST_HOST = "$(BUILT_PRODUCTS_DIR)/Async Await Demo.app/$(BUNDLE_EXECUTABLE_FOLDER_PATH)/Async Await Demo";
			};
			name = Release;
		};
/* End XCBuildConfiguration section */

/* Begin XCConfigurationList section */
		EC3480FA28DCE4D300600A6C /* Build configuration list for PBXProject "Async Await Demo" */ = {
			isa = XCConfigurationList;
			buildConfigurations = (
				EC34810B28DCE4D400600A6C /* Debug */,
				EC34810C28DCE4D400600A6C /* Release */,
			);
			defaultConfigurationIsVisible = 0;
			defaultConfigurationName = Release;
		};
		EC34810D28DCE4D400600A6C /* Build configuration list for PBXNativeTarget "Async Await Demo" */ = {
			isa = XCConfigurationList;
			buildConfigurations = (
				EC34810E28DCE4D400600A6C /* Debug */,
				EC34810F28DCE4D400600A6C /* Release */,
			);
			defaultConfigurationIsVisible = 0;
			defaultConfigurationName = Release;
		};
		EC34811E28DCF28F00600A6C /* Build configuration list for PBXNativeTarget "Async Await Demo Tests" */ = {
			isa = XCConfigurationList;
			buildConfigurations = (
				EC34811F28DCF28F00600A6C /* Debug */,
				EC34812028DCF28F00600A6C /* Release */,
			);
			defaultConfigurationIsVisible = 0;
			defaultConfigurationName = Release;
		};
/* End XCConfigurationList section */
	};
	rootObject = EC3480F728DCE4D300600A6C /* Project object */;
}
